
Microsoft Visual Studio Solution File, Format Version 12.00
# Visual Studio 15
VisualStudioVersion = 15.0.27428.2015
MinimumVisualStudioVersion = 10.0.40219.1
Project("{FAE04EC0-301F-11D3-BF4B-00C04F79EFBC}") = "GUI_Review", "GUI_Review\GUI_Review.csproj", "{A8818D8C-8F22-4D68-B4E0-AF27D590FC6D}"
EndProject
Global
	GlobalSection(SolutionConfigurationPlatforms) = preSolution
		Debug|Any CPU = Debug|Any CPU
		Release|Any CPU = Release|Any CPU
	EndGlobalSection
	GlobalSection(ProjectConfigurationPlatforms) = postSolution
		{A8818D8C-8F22-4D68-B4E0-AF27D590FC6D}.Debug|Any CPU.ActiveCfg = Debug|Any CPU
		{A8818D8C-8F22-4D68-B4E0-AF27D590FC6D}.Debug|Any CPU.Build.0 = Debug|Any CPU
		{A8818D8C-8F22-4D68-B4E0-AF27D590FC6D}.Release|Any CPU.ActiveCfg = Release|Any CPU
		{A8818D8C-8F22-4D68-B4E0-AF27D590FC6D}.Release|Any CPU.Build.0 = Release|Any CPU
	EndGlobalSection
	GlobalSection(SolutionProperties) = preSolution
		HideSolutionNode = FALSE
	EndGlobalSection
	GlobalSection(ExtensibilityGlobals) = postSolution
		SolutionGuid = {79D36C3A-D693-4240-A629-5B970C75A7AF}
	EndGlobalSection
EndGlobal
