
Microsoft Visual Studio Solution File, Format Version 12.00
# Visual Studio 15
VisualStudioVersion = 15.0.27428.2015
MinimumVisualStudioVersion = 10.0.40219.1
Project("{FAE04EC0-301F-11D3-BF4B-00C04F79EFBC}") = "Assn2_11", "Assn2_11\Assn2_11.csproj", "{861671CE-A956-4611-8438-2CBD9EB1E9C8}"
EndProject
Global
	GlobalSection(SolutionConfigurationPlatforms) = preSolution
		Debug|Any CPU = Debug|Any CPU
		Release|Any CPU = Release|Any CPU
	EndGlobalSection
	GlobalSection(ProjectConfigurationPlatforms) = postSolution
		{861671CE-A956-4611-8438-2CBD9EB1E9C8}.Debug|Any CPU.ActiveCfg = Debug|Any CPU
		{861671CE-A956-4611-8438-2CBD9EB1E9C8}.Debug|Any CPU.Build.0 = Debug|Any CPU
		{861671CE-A956-4611-8438-2CBD9EB1E9C8}.Release|Any CPU.ActiveCfg = Release|Any CPU
		{861671CE-A956-4611-8438-2CBD9EB1E9C8}.Release|Any CPU.Build.0 = Release|Any CPU
	EndGlobalSection
	GlobalSection(SolutionProperties) = preSolution
		HideSolutionNode = FALSE
	EndGlobalSection
	GlobalSection(ExtensibilityGlobals) = postSolution
		SolutionGuid = {9521B767-21B2-4BAF-ACD0-6087E6B60ACB}
	EndGlobalSection
EndGlobal
