
Microsoft Visual Studio Solution File, Format Version 12.00
# Visual Studio 15
VisualStudioVersion = 15.0.27428.2015
MinimumVisualStudioVersion = 10.0.40219.1
Project("{E24C65DC-7377-472B-9ABA-BC803B73C61A}") = "Week04", "Week04\", "{9D6BD146-EB7D-4698-81DE-7FA09148ABF2}"
	ProjectSection(WebsiteProperties) = preProject
		TargetFrameworkMoniker = ".NETFramework,Version%3Dv4.6.1"
		Debug.AspNetCompiler.VirtualPath = "/localhost_54948"
		Debug.AspNetCompiler.PhysicalPath = "Week04\"
		Debug.AspNetCompiler.TargetPath = "PrecompiledWeb\localhost_54948\"
		Debug.AspNetCompiler.Updateable = "true"
		Debug.AspNetCompiler.ForceOverwrite = "true"
		Debug.AspNetCompiler.FixedNames = "false"
		Debug.AspNetCompiler.Debug = "True"
		Release.AspNetCompiler.VirtualPath = "/localhost_54948"
		Release.AspNetCompiler.PhysicalPath = "Week04\"
		Release.AspNetCompiler.TargetPath = "PrecompiledWeb\localhost_54948\"
		Release.AspNetCompiler.Updateable = "true"
		Release.AspNetCompiler.ForceOverwrite = "true"
		Release.AspNetCompiler.FixedNames = "false"
		Release.AspNetCompiler.Debug = "False"
		VWDPort = "54948"
		SlnRelativePath = "Week04\"
		DefaultWebSiteLanguage = "Visual C#"
	EndProjectSection
EndProject
Global
	GlobalSection(SolutionConfigurationPlatforms) = preSolution
		Debug|Any CPU = Debug|Any CPU
	EndGlobalSection
	GlobalSection(ProjectConfigurationPlatforms) = postSolution
		{9D6BD146-EB7D-4698-81DE-7FA09148ABF2}.Debug|Any CPU.ActiveCfg = Debug|Any CPU
		{9D6BD146-EB7D-4698-81DE-7FA09148ABF2}.Debug|Any CPU.Build.0 = Debug|Any CPU
	EndGlobalSection
	GlobalSection(SolutionProperties) = preSolution
		HideSolutionNode = FALSE
	EndGlobalSection
	GlobalSection(ExtensibilityGlobals) = postSolution
		SolutionGuid = {0EFB0E50-2B46-496B-8B8C-F005C2AE2DE9}
	EndGlobalSection
EndGlobal
